
Microsoft Visual Studio Solution File, Format Version 12.00
# Visual Studio 15
VisualStudioVersion = 15.0.27703.2026
MinimumVisualStudioVersion = 10.0.40219.1
Project("{FAE04EC0-301F-11D3-BF4B-00C04F79EFBC}") = "RubyistHotlinksReports.Core.Tests", "RubyistHotlinksReports.Core.Tests\RubyistHotlinksReports.Core.Tests.csproj", "{ED2F2756-6F44-4534-8B20-2B292B95A5C0}"
EndProject
Project("{FAE04EC0-301F-11D3-BF4B-00C04F79EFBC}") = "RubyistHotlinksReports.Core", "RubyistHotlinksReports.Core\RubyistHotlinksReports.Core.csproj", "{C409B958-E92B-41B0-9CEB-606D9FB15C5B}"
EndProject
Project("{FAE04EC0-301F-11D3-BF4B-00C04F79EFBC}") = "RubyistHotlinksReports.WordGraph", "RubyistHotlinksReports.WordGraph\RubyistHotlinksReports.WordGraph.csproj", "{02FEBC77-E165-42F9-8441-47B0437B422A}"
EndProject
Global
	GlobalSection(SolutionConfigurationPlatforms) = preSolution
		Debug|Any CPU = Debug|Any CPU
		Release|Any CPU = Release|Any CPU
	EndGlobalSection
	GlobalSection(ProjectConfigurationPlatforms) = postSolution
		{ED2F2756-6F44-4534-8B20-2B292B95A5C0}.Debug|Any CPU.ActiveCfg = Debug|Any CPU
		{ED2F2756-6F44-4534-8B20-2B292B95A5C0}.Debug|Any CPU.Build.0 = Debug|Any CPU
		{ED2F2756-6F44-4534-8B20-2B292B95A5C0}.Release|Any CPU.ActiveCfg = Release|Any CPU
		{ED2F2756-6F44-4534-8B20-2B292B95A5C0}.Release|Any CPU.Build.0 = Release|Any CPU
		{C409B958-E92B-41B0-9CEB-606D9FB15C5B}.Debug|Any CPU.ActiveCfg = Debug|Any CPU
		{C409B958-E92B-41B0-9CEB-606D9FB15C5B}.Debug|Any CPU.Build.0 = Debug|Any CPU
		{C409B958-E92B-41B0-9CEB-606D9FB15C5B}.Release|Any CPU.ActiveCfg = Release|Any CPU
		{C409B958-E92B-41B0-9CEB-606D9FB15C5B}.Release|Any CPU.Build.0 = Release|Any CPU
		{02FEBC77-E165-42F9-8441-47B0437B422A}.Debug|Any CPU.ActiveCfg = Debug|Any CPU
		{02FEBC77-E165-42F9-8441-47B0437B422A}.Debug|Any CPU.Build.0 = Debug|Any CPU
		{02FEBC77-E165-42F9-8441-47B0437B422A}.Release|Any CPU.ActiveCfg = Release|Any CPU
		{02FEBC77-E165-42F9-8441-47B0437B422A}.Release|Any CPU.Build.0 = Release|Any CPU
	EndGlobalSection
	GlobalSection(SolutionProperties) = preSolution
		HideSolutionNode = FALSE
	EndGlobalSection
	GlobalSection(ExtensibilityGlobals) = postSolution
		SolutionGuid = {80E42753-CD2E-41BE-8627-DB119E69F790}
	EndGlobalSection
EndGlobal
